
Microsoft Visual Studio Solution File, Format Version 12.00
# Visual Studio Version 17
VisualStudioVersion = 17.2.32616.157
MinimumVisualStudioVersion = 10.0.40219.1
Project("{FAE04EC0-301F-11D3-BF4B-00C04F79EFBC}") = "KnowledgeCheck1_Calculator_Net8", "KnowledgeCheck1_Calculator_Net8\KnowledgeCheck1_Calculator_Net8\KnowledgeCheck1_Calculator_Net8.csproj", "{3B8845B9-30B7-4F5A-844E-42DF95FF83CE}"
EndProject
Global
	GlobalSection(SolutionConfigurationPlatforms) = preSolution
		Debug|Any CPU = Debug|Any CPU
		Release|Any CPU = Release|Any CPU
	EndGlobalSection
	GlobalSection(ProjectConfigurationPlatforms) = postSolution
		{3B8845B9-30B7-4F5A-844E-42DF95FF83CE}.Debug|Any CPU.ActiveCfg = Debug|Any CPU
		{3B8845B9-30B7-4F5A-844E-42DF95FF83CE}.Debug|Any CPU.Build.0 = Debug|Any CPU
		{3B8845B9-30B7-4F5A-844E-42DF95FF83CE}.Release|Any CPU.ActiveCfg = Release|Any CPU
		{3B8845B9-30B7-4F5A-844E-42DF95FF83CE}.Release|Any CPU.Build.0 = Release|Any CPU
	EndGlobalSection
	GlobalSection(SolutionProperties) = preSolution
		HideSolutionNode = FALSE
	EndGlobalSection
	GlobalSection(ExtensibilityGlobals) = postSolution
		SolutionGuid = {FDC62209-1126-4884-A28E-3B70952F7124}
	EndGlobalSection
EndGlobal
